# This file was autogenerated by uv via the following command:
#    uv pip compile pyproject.toml --extra dev --universal --output-file requirements.lock
annotated-types==0.7.0
    # via pydantic
black==24.10.0
    # via my-project (pyproject.toml)
click==8.3.1
    # via black
colorama==0.4.6 ; sys_platform == 'win32'
    # via
    #   click
    #   pytest
coverage==7.13.4
    # via pytest-cov
et-xmlfile==2.0.0
    # via openpyxl
execnet==2.1.2
    # via pytest-xdist
iniconfig==2.3.0
    # via pytest
librt==0.8.0 ; platform_python_implementation != 'PyPy'
    # via mypy
lxml==6.0.2
    # via python-pptx
mypy==1.19.1
    # via my-project (pyproject.toml)
mypy-extensions==1.1.0
    # via
    #   black
    #   mypy
numpy==2.4.2
    # via pandas
openpyxl==3.1.5
    # via my-project (pyproject.toml)
packaging==25.0
    # via
    #   black
    #   pytest
pandas==2.2.3
    # via my-project (pyproject.toml)
pathspec==0.12.1
    # via
    #   black
    #   mypy
pillow==12.1.1
    # via python-pptx
platformdirs==4.9.1
    # via black
pluggy==1.6.0
    # via
    #   pytest
    #   pytest-cov
pydantic==2.7.4
    # via my-project (pyproject.toml)
pydantic-core==2.18.4
    # via pydantic
pygments==2.19.2
    # via pytest
pytest==9.0.2
    # via
    #   my-project (pyproject.toml)
    #   pytest-cov
    #   pytest-xdist
pytest-cov==7.0.0
    # via my-project (pyproject.toml)
pytest-xdist==3.8.0
    # via my-project (pyproject.toml)
python-dateutil==2.9.0.post0
    # via pandas
python-pptx==1.0.2
    # via my-project (pyproject.toml)
pytz==2025.2
    # via pandas
pyyaml==6.0.2
    # via my-project (pyproject.toml)
ruff==0.15.1
    # via my-project (pyproject.toml)
six==1.17.0
    # via python-dateutil
tomli==2.4.0 ; python_full_version <= '3.11'
    # via coverage
tomlkit==0.13.3
    # via my-project (pyproject.toml)
typing-extensions==4.15.0
    # via
    #   mypy
    #   pydantic
    #   pydantic-core
    #   python-pptx
tzdata==2025.3
    # via pandas
xlsxwriter==3.2.9
    # via python-pptx
